
Microsoft Visual Studio Solution File, Format Version 12.00
# Visual Studio 15
VisualStudioVersion = 15.0.28307.168
MinimumVisualStudioVersion = 10.0.40219.1
Project("{FAE04EC0-301F-11D3-BF4B-00C04F79EFBC}") = "HiraganaRomanjiConverter", "HiraganaRomanjiConverter\HiraganaRomanjiConverter.csproj", "{045AE47E-E87A-4CFE-A1EF-ED0C3CD617CB}"
EndProject
Global
	GlobalSection(SolutionConfigurationPlatforms) = preSolution
		Debug|Any CPU = Debug|Any CPU
		Release|Any CPU = Release|Any CPU
	EndGlobalSection
	GlobalSection(ProjectConfigurationPlatforms) = postSolution
		{045AE47E-E87A-4CFE-A1EF-ED0C3CD617CB}.Debug|Any CPU.ActiveCfg = Debug|Any CPU
		{045AE47E-E87A-4CFE-A1EF-ED0C3CD617CB}.Debug|Any CPU.Build.0 = Debug|Any CPU
		{045AE47E-E87A-4CFE-A1EF-ED0C3CD617CB}.Release|Any CPU.ActiveCfg = Release|Any CPU
		{045AE47E-E87A-4CFE-A1EF-ED0C3CD617CB}.Release|Any CPU.Build.0 = Release|Any CPU
	EndGlobalSection
	GlobalSection(SolutionProperties) = preSolution
		HideSolutionNode = FALSE
	EndGlobalSection
	GlobalSection(ExtensibilityGlobals) = postSolution
		SolutionGuid = {C3C40013-0DD2-49B7-B4C9-05A395E5C594}
	EndGlobalSection
EndGlobal
